PODS:
  - ChameleonFramework/Default (2.1.0)
  - ChameleonFramework/Swift (2.1.0):
    - ChameleonFramework/Default
  - PickerViewCell (0.1.0)
  - Realm (3.20.0):
    - Realm/Headers (= 3.20.0)
  - Realm/Headers (3.20.0)
  - RealmSwift (3.20.0):
    - Realm (= 3.20.0)
  - SwipeCellKit (2.6.0)

DEPENDENCIES:
  - ChameleonFramework/Swift (from `https://github.com/luckychris/Chameleon.git`)
  - PickerViewCell (from `https://github.com/bruand81/PickerViewCell.git`)
  - RealmSwift (~> 3.20.0)
  - SwipeCellKit

SPEC REPOS:
  trunk:
    - Realm
    - RealmSwift
    - SwipeCellKit

EXTERNAL SOURCES:
  ChameleonFramework:
    :git: https://github.com/luckychris/Chameleon.git
  PickerViewCell:
    :git: https://github.com/bruand81/PickerViewCell.git

CHECKOUT OPTIONS:
  ChameleonFramework:
    :commit: 347fcaa815f60281f9fbd32620c42d384dfc9b44
    :git: https://github.com/luckychris/Chameleon.git
  PickerViewCell:
    :commit: 9d62526efffd40fedc78737bf5f72ed562625728
    :git: https://github.com/bruand81/PickerViewCell.git

SPEC CHECKSUMS:
  ChameleonFramework: d21a3cc247abfe5e37609a283a8238b03575cf64
  PickerViewCell: 4e6987bc69348a11782d8a3f711a684b8a320e9b
  Realm: 8b2ca5bc6479a91f379b6b42b5922e396cd5ba5a
  RealmSwift: 1949ef26a279e1845bd51d591b9103adfcd121df
  SwipeCellKit: 935ca28c187ec6e1ffb2b578cf8ddca842bfdcbb

PODFILE CHECKSUM: 6637312108ba29048df6a76e47d09cf428896f67

COCOAPODS: 1.8.4
